<?xml version="1.0" encoding="UTF-8"?>
<Scheme
   LastUpgradeVersion = "1600"
   version = "1.7">
   <BuildAction
      parallelizeBuildables = "YES"
      buildImplicitDependencies = "YES"
      buildArchitectures = "Automatic">
      <BuildActionEntries>
         <BuildActionEntry
            buildForTesting = "YES"
            buildForRunning = "YES"
            buildForProfiling = "YES"
            buildForArchiving = "YES"
            buildForAnalyzing = "YES">
            <BuildableReference
               BuildableIdentifier = "primary"
               BlueprintIdentifier = "5CFF9ECA2CB6F266002D2C1C"
               BuildableName = "ConfigDashboard.app"
               BlueprintName = "ConfigDashboard"
               ReferencedContainer = "container:ConfigDashboard.xcodeproj">
            </BuildableReference>
         </BuildActionEntry>
      </BuildActionEntries>
   </BuildAction>
   <TestAction
      buildConfiguration = "Debug"
      selectedDebuggerIdentifier = "Xcode.DebuggerFoundation.Debugger.LLDB"
      selectedLauncherIdentifier = "Xcode.DebuggerFoundation.Launcher.LLDB"
      shouldUseLaunchSchemeArgsEnv = "YES"
      shouldAutocreateTestPlan = "YES">
   </TestAction>
   <LaunchAction
      buildConfiguration = "Debug"
      selectedDebuggerIdentifier = "Xcode.DebuggerFoundation.Debugger.LLDB"
      selectedLauncherIdentifier = "Xcode.DebuggerFoundation.Launcher.LLDB"
      launchStyle = "0"
      useCustomWorkingDirectory = "NO"
      ignoresPersistentStateOnLaunch = "NO"
      debugDocumentVersioning = "YES"
      debugServiceExtension = "internal"
      allowLocationSimulation = "YES">
      <BuildableProductRunnable
         runnableDebuggingMode = "0">
         <BuildableReference
            BuildableIdentifier = "primary"
            BlueprintIdentifier = "5CFF9ECA2CB6F266002D2C1C"
            BuildableName = "ConfigDashboard.app"
            BlueprintName = "ConfigDashboard"
            ReferencedContainer = "container:ConfigDashboard.xcodeproj">
         </BuildableReference>
      </BuildableProductRunnable>
      <EnvironmentVariables>
         <EnvironmentVariable
            key = "PinataToken"
            value = "eyJhbGciOiJIUzI1NiIsInR5cCI6IkpXVCJ9.eyJ1c2VySW5mb3JtYXRpb24iOnsiaWQiOiJlYWVjZTI3MC02MTNkLTQ5MDMtOWI2NC1jOGRiNjA2MDYzZmIiLCJlbWFpbCI6ImFsb2suc2FoYXk4N0BnbWFpbC5jb20iLCJlbWFpbF92ZXJpZmllZCI6dHJ1ZSwicGluX3BvbGljeSI6eyJyZWdpb25zIjpbeyJkZXNpcmVkUmVwbGljYXRpb25Db3VudCI6MSwiaWQiOiJGUkExIn0seyJkZXNpcmVkUmVwbGljYXRpb25Db3VudCI6MSwiaWQiOiJOWUMxIn1dLCJ2ZXJzaW9uIjoxfSwibWZhX2VuYWJsZWQiOmZhbHNlLCJzdGF0dXMiOiJBQ1RJVkUifSwiYXV0aGVudGljYXRpb25UeXBlIjoic2NvcGVkS2V5Iiwic2NvcGVkS2V5S2V5IjoiODM0Y2VmMDhmYmQyYTIxMTI4M2UiLCJzY29wZWRLZXlTZWNyZXQiOiI5YmE0ZjUwZWNlYmVjMDA4YzFjZWUwZTM3ZDZlMWE1YmZjZDgzYzUyYmQ1MWJjNWFhYWQ0MjU2ZjQwMDFjZDA3IiwiZXhwIjoxNzU0NTcyOTQ2fQ.7JCIgURrZ78KGgcIL8dklvmX94rQ7aWJzd4ROoRIUIA"
            isEnabled = "YES">
         </EnvironmentVariable>
         <EnvironmentVariable
            key = "ConfigGroupID"
            value = "01927150-7447-7045-b490-2ff9949af778"
            isEnabled = "YES">
         </EnvironmentVariable>
      </EnvironmentVariables>
   </LaunchAction>
   <ProfileAction
      buildConfiguration = "Release"
      shouldUseLaunchSchemeArgsEnv = "YES"
      savedToolIdentifier = ""
      useCustomWorkingDirectory = "NO"
      debugDocumentVersioning = "YES">
      <BuildableProductRunnable
         runnableDebuggingMode = "0">
         <BuildableReference
            BuildableIdentifier = "primary"
            BlueprintIdentifier = "5CFF9ECA2CB6F266002D2C1C"
            BuildableName = "ConfigDashboard.app"
            BlueprintName = "ConfigDashboard"
            ReferencedContainer = "container:ConfigDashboard.xcodeproj">
         </BuildableReference>
      </BuildableProductRunnable>
   </ProfileAction>
   <AnalyzeAction
      buildConfiguration = "Debug">
   </AnalyzeAction>
   <ArchiveAction
      buildConfiguration = "Release"
      revealArchiveInOrganizer = "YES">
   </ArchiveAction>
</Scheme>
